github.com/coregx/signals v0.1.0 h1:ek6icAtUwjZKUO8K4OaYQn7Wftl+v03DHe1iePzkOsI=
github.com/coregx/signals v0.1.0/go.mod h1:ZTFOeupJF6b73QmxLcDqbB0V2f0TWnCyVkQlA+gMIm4=
github.com/go-text/typesetting v0.3.4 h1:YYurUOtEb9kGSOz4uE3k4OpBGsp1dDL8+fjCeaFamAU=
github.com/go-text/typesetting v0.3.4/go.mod h1:4qZCQphq4KSgGTAeI0uMEkVbROgfah8BuyF5LRYr7XY=
github.com/go-text/typesetting-utils v0.0.0-20260223113751-2d88ac90dae3 h1:drBZzMgdYPbmyXqOto4YhhJGrFIQCX94FpR4MzTCsos=
github.com/go-text/typesetting-utils v0.0.0-20260223113751-2d88ac90dae3/go.mod h1:3/62I4La/HBRX9TcTpBj4eipLiwzf+vhI+7whTc9V7o=
github.com/go-webgpu/goffi v0.4.2 h1:cwSiwro2ndP7jfXYlsz3kbOk8mNaFsHGZ0Q0cszC9cU=
github.com/go-webgpu/goffi v0.4.2/go.mod h1:wfoxNsJkU+5RFbV1kNN1kunhc1lFHuJKK3zpgx08/uM=
github.com/go-webgpu/goffi v0.5.1 h1:RSPR+YKT0tmbp5Uon+xwhN1veC9cehmqMptMkQuopok=
github.com/go-webgpu/goffi v0.5.1/go.mod h1:wfoxNsJkU+5RFbV1kNN1kunhc1lFHuJKK3zpgx08/uM=
github.com/go-webgpu/goffi v0.5.2 h1:Kq2llPlA6IhkkmAffkM5CtsgaXuBQC4mBI0BOREwV04=
github.com/go-webgpu/goffi v0.5.2/go.mod h1:wfoxNsJkU+5RFbV1kNN1kunhc1lFHuJKK3zpgx08/uM=
github.com/go-webgpu/goffi v0.5.5 h1:xLWMhnJq+GrejlhTC3iVt3q8ozRbmYSq8kzuw6MKlgE=
github.com/go-webgpu/goffi v0.5.5/go.mod h1:wfoxNsJkU+5RFbV1kNN1kunhc1lFHuJKK3zpgx08/uM=
github.com/go-webgpu/webgpu v0.4.2 h1:phQCeD5zY8jTgNjkrs090JYUMpqNPO7a9DMXvnHcQ2A=
github.com/go-webgpu/webgpu v0.4.2/go.mod h1:+gz9PjcckFCZ/Gv1vJXXEDrf7fqo7VHH6uV0nJrSuRk=
github.com/go-webgpu/webgpu v0.4.3 h1:dIBf7WgO/7VL2Cj7IFcq151rWqvSknsFe6k/+ZEEXEE=
github.com/go-webgpu/webgpu v0.4.3/go.mod h1:HNIBiaMJNdPeQd6hmHdQsXg4t4R99xVQybnoDGOShe0=
github.com/go-webgpu/webgpu v0.5.2 h1:E+yKCbRw/Dgn77pb/CX3kXatwwROGX7/B4ZFbRPaRbQ=
github.com/go-webgpu/webgpu v0.5.2/go.mod h1:d2RR3tI2kUtcMfpC+qJt46IRkDslRhftjCfQvnprGkY=
github.com/gogpu/gg v0.33.2 h1:VABLuzrvjI8jKnFeBMkt5tpYeTOpPuHwQltHzeCaPYE=
github.com/gogpu/gg v0.33.2/go.mod h1:iS29qh+TVx5f+uK61djVjseELyr3qfTtZ8HG/l0HZnA=
github.com/gogpu/gg v0.48.3 h1:2GqrwCzSox4NxXaD0ElmXvpGZ7HA2fjqWjqaFCM28G4=
github.com/gogpu/gg v0.48.3/go.mod h1:LC23ngZi+Ty/LOmfeSY0xzlBTnyZYr0HGPwAie1w3Lk=
github.com/gogpu/gg v0.48.4 h1:d6f5HWYW8OcrACDPZ9IJ6KWE7N4uSV1T85g4BfRsmRI=
github.com/gogpu/gg v0.48.4/go.mod h1:LC23ngZi+Ty/LOmfeSY0xzlBTnyZYr0HGPwAie1w3Lk=
github.com/gogpu/gg v0.48.11 h1:wkCc/DMDQDyy7ty/afEeoJ/8hOpSqyTfJJvAqAe+l58=
github.com/gogpu/gg v0.48.11/go.mod h1:WTL0lwwKNBeUf3xNeloJyRQJeRE1TFnIkKPfwROcIDQ=
github.com/gogpu/gogpu v0.22.7 h1:brJD3geqwuznkDtzxjs5Six1tRRr/QupZGhagaqCVI8=
github.com/gogpu/gogpu v0.22.7/go.mod h1:tRdAJAVrteYX+/Lxaqw/B2jFR+0d4WikNy7sFmrGGcA=
github.com/gogpu/gogpu v0.39.1 h1:LqucIPaGkRL5IzBBwRZxBb+ujGcCdFbl6rTQeD3V1ec=
github.com/gogpu/gogpu v0.39.1/go.mod h1:XfWVnskXFr+Oc4nkJa0Wla0JjP0knDBnkzJgUrU+3pg=
github.com/gogpu/gogpu v0.42.0 h1:sTk+ZSmRpWzy7+4wJAo8CkQdYP0aEJ2Sn9uChZjuX6Q=
github.com/gogpu/gogpu v0.42.0/go.mod h1:1r0Nj+PtCyKTAPhJF2ONJON/MNuY7czQer6Nij6CIOo=
github.com/gogpu/gpucontext v0.9.0 h1:RCM3oXtxR/i7YZrbH68zBjieE4j0TF731MrPnnD2Los=
github.com/gogpu/gpucontext v0.9.0/go.mod h1:d+6V6OVk81cFRpsJcl+9Qnd8qCDLTQGelMVMEzjPTUg=
github.com/gogpu/gpucontext v0.19.0 h1:cVm5wUtK7F/anyYXc7vncrB/F9ujBQ2XUbi3oq4hBQ8=
github.com/gogpu/gpucontext v0.19.0/go.mod h1:6zwdmYXH5GQltoiHbb3WXVS/UJ5bFsCux0mXCVqGlzY=
github.com/gogpu/gpucontext v0.21.0 h1:O1SnXBiednIyVP4Zx5SASh0svYiG6g/wF1igNZVo1Pc=
github.com/gogpu/gpucontext v0.21.0/go.mod h1:6zwdmYXH5GQltoiHbb3WXVS/UJ5bFsCux0mXCVqGlzY=
github.com/gogpu/gputypes v0.2.0 h1:Quv3ekiU12zK4ZhBZsSZmalHYc+zj2gr9ZWRyzKgkKk=
github.com/gogpu/gputypes v0.2.0/go.mod h1:cnXrDMwTpWTvJLW1Vreop3PcT6a2YP/i3s91rPaOavw=
github.com/gogpu/gputypes v0.5.0 h1:i2ED/9w6m6yLxf8XJT69/NIMSNTLO2y5F1LqvugCKIE=
github.com/gogpu/gputypes v0.5.0/go.mod h1:cnXrDMwTpWTvJLW1Vreop3PcT6a2YP/i3s91rPaOavw=
github.com/gogpu/naga v0.14.5 h1:eT3yJjXGShNtL//+W7ir2KB40k77OWvLah62ww2HZ4c=
github.com/gogpu/naga v0.14.5/go.mod h1:15sQaHKkbqXcwTN+hHYGLsA0WBBnkmYzne/eF5p5WEg=
github.com/gogpu/naga v0.17.13 h1:VlponVgD1fEfNotx0874M4n7tnfum8YlMEB3pBdd2Ps=
github.com/gogpu/naga v0.17.13/go.mod h1:15sQaHKkbqXcwTN+hHYGLsA0WBBnkmYzne/eF5p5WEg=
github.com/gogpu/naga v0.17.15 h1:uyy4bc8wYlvDaYOpmCBYrJ+d+e7ZqP2BN36csmRVs7o=
github.com/gogpu/naga v0.17.15/go.mod h1:15sQaHKkbqXcwTN+hHYGLsA0WBBnkmYzne/eF5p5WEg=
github.com/gogpu/ui v0.0.0-20260305115525-ee09a8641726 h1:WU4WCYpAlnIng01HLTMZiCKzVvmTmLotfhAhW90bAdM=
github.com/gogpu/ui v0.0.0-20260305115525-ee09a8641726/go.mod h1:mSmMJpeZ3pOntIyCm0qufkyeYQayUNmgNnpludCTH5A=
github.com/gogpu/ui v0.1.29 h1:qW7AhUfyZVMmHBleNVeMwzWkmRnTJm4TomQMRbFYAB0=
github.com/gogpu/ui v0.1.29/go.mod h1:26z8nnmxW20BGesEBbZbrTOxRYRCP+g2sH2PVcAYL/c=
github.com/gogpu/ui v0.1.32 h1:fjHLJceeULQUIJ8xpuNmc0up4OvQjO3SCnv0L6mEE3E=
github.com/gogpu/ui v0.1.32/go.mod h1:zvLJu4xnc2SxnzyZN2W8GPBrNC+i9bgVw5US+FiFkUM=
github.com/gogpu/wgpu v0.19.6 h1:aSjMUb3tcSkIuljdTDl+06oE4cXbFBHYhEyzyT9ImVo=
github.com/gogpu/wgpu v0.19.6/go.mod h1:XFwTzUxOLpAP7vqtRpFIQhHS2/ziKrdvaNDYXHW1whc=
github.com/gogpu/wgpu v0.28.7 h1:rHMYbVhoI9BOdI5oeBG7vQ8gtuBBl4c+HQjDmJhsLKI=
github.com/gogpu/wgpu v0.28.7/go.mod h1:icn/JDIIYMxk68DpU7t1f9xV+seRyFI2j3YBMY6qSho=
github.com/gogpu/wgpu v0.30.1 h1:dZ6FeOiKNlimaDWiiUneLExgbLqZDTu+acqajAM7gWw=
github.com/gogpu/wgpu v0.30.1/go.mod h1:D2GQZtdBMBoPbkOUTjDm2xoO6j7dCzeTBZZOHjMhWoU=
golang.org/x/image v0.36.0 h1:Iknbfm1afbgtwPTmHnS2gTM/6PPZfH+z2EFuOkSbqwc=
golang.org/x/image v0.36.0/go.mod h1:YsWD2TyyGKiIX1kZlu9QfKIsQ4nAAK9bdgdrIsE7xy4=
golang.org/x/image v0.41.0 h1:8wS72eGJMJaBxK6okTzd4WaXumUlTVlb753MlsSvTCo=
golang.org/x/image v0.41.0/go.mod h1:uIc348UZMSvS5Z65CVZ7iDPaNobNFEPeJ4kbqTOszmA=
golang.org/x/image v0.42.0 h1:1gSs6ehNWXLbkHBIPcWztk3D/6aIA/8hauiAYtlodVY=
golang.org/x/image v0.42.0/go.mod h1:rrpelvGFt+kLPAjPM4HeWPgrl0FtafueU//e5N0qk/Q=
golang.org/x/sys v0.41.0 h1:Ivj+2Cp/ylzLiEU89QhWblYnOE9zerudt9Ftecq2C6k=
golang.org/x/sys v0.41.0/go.mod h1:OgkHotnGiDImocRcuBABYBEXf8A9a87e/uXjp9XT3ks=
golang.org/x/sys v0.45.0 h1:dO4czNzziLiiXplLQgBCEpCvXQ3dnkn0SdaZSYdQ+FY=
golang.org/x/sys v0.45.0/go.mod h1:4GL1E5IUh+htKOUEOaiffhrAeqysfVGipDYzABqnCmw=
golang.org/x/sys v0.46.0 h1:noSf2Fq6F8DBgS+LysIkx7rIExoNHJsxOAtPp4rthXw=
golang.org/x/sys v0.46.0/go.mod h1:4GL1E5IUh+htKOUEOaiffhrAeqysfVGipDYzABqnCmw=
golang.org/x/text v0.34.0 h1:oL/Qq0Kdaqxa1KbNeMKwQq0reLCCaFtqu2eNuSeNHbk=
golang.org/x/text v0.34.0/go.mod h1:homfLqTYRFyVYemLBFl5GgL/DWEiH5wcsQ5gSh1yziA=
golang.org/x/text v0.37.0 h1:Cqjiwd9eSg8e0QAkyCaQTNHFIIzWtidPahFWR83rTrc=
golang.org/x/text v0.37.0/go.mod h1:a5sjxXGs9hsn/AJVwuElvCAo9v8QYLzvavO5z2PiM38=
golang.org/x/text v0.38.0 h1:sXmwo9DwP3OK9EZ7PqAdaooSGozfl/3a6/xJcbzPRhE=
golang.org/x/text v0.38.0/go.mod h1:YXZt3QhHUKYT53r2lLKFIVi6Ao1jdzrTR/KQ09qyxF4=
