github.com/coregx/signals v0.1.0 h1:ek6icAtUwjZKUO8K4OaYQn7Wftl+v03DHe1iePzkOsI=
github.com/coregx/signals v0.1.0/go.mod h1:ZTFOeupJF6b73QmxLcDqbB0V2f0TWnCyVkQlA+gMIm4=
github.com/go-text/typesetting v0.3.4 h1:YYurUOtEb9kGSOz4uE3k4OpBGsp1dDL8+fjCeaFamAU=
github.com/go-text/typesetting v0.3.4/go.mod h1:4qZCQphq4KSgGTAeI0uMEkVbROgfah8BuyF5LRYr7XY=
github.com/go-text/typesetting-utils v0.0.0-20260223113751-2d88ac90dae3 h1:drBZzMgdYPbmyXqOto4YhhJGrFIQCX94FpR4MzTCsos=
github.com/go-text/typesetting-utils v0.0.0-20260223113751-2d88ac90dae3/go.mod h1:3/62I4La/HBRX9TcTpBj4eipLiwzf+vhI+7whTc9V7o=
github.com/go-webgpu/goffi v0.4.2 h1:cwSiwro2ndP7jfXYlsz3kbOk8mNaFsHGZ0Q0cszC9cU=
github.com/go-webgpu/goffi v0.4.2/go.mod h1:wfoxNsJkU+5RFbV1kNN1kunhc1lFHuJKK3zpgx08/uM=
github.com/go-webgpu/webgpu v0.4.2 h1:phQCeD5zY8jTgNjkrs090JYUMpqNPO7a9DMXvnHcQ2A=
github.com/go-webgpu/webgpu v0.4.2/go.mod h1:+gz9PjcckFCZ/Gv1vJXXEDrf7fqo7VHH6uV0nJrSuRk=
github.com/gogpu/gg v0.33.2 h1:VABLuzrvjI8jKnFeBMkt5tpYeTOpPuHwQltHzeCaPYE=
github.com/gogpu/gg v0.33.2/go.mod h1:iS29qh+TVx5f+uK61djVjseELyr3qfTtZ8HG/l0HZnA=
github.com/gogpu/gogpu v0.22.7 h1:brJD3geqwuznkDtzxjs5Six1tRRr/QupZGhagaqCVI8=
github.com/gogpu/gogpu v0.22.7/go.mod h1:tRdAJAVrteYX+/Lxaqw/B2jFR+0d4WikNy7sFmrGGcA=
github.com/gogpu/gpucontext v0.9.0 h1:RCM3oXtxR/i7YZrbH68zBjieE4j0TF731MrPnnD2Los=
github.com/gogpu/gpucontext v0.9.0/go.mod h1:d+6V6OVk81cFRpsJcl+9Qnd8qCDLTQGelMVMEzjPTUg=
github.com/gogpu/gputypes v0.2.0 h1:Quv3ekiU12zK4ZhBZsSZmalHYc+zj2gr9ZWRyzKgkKk=
github.com/gogpu/gputypes v0.2.0/go.mod h1:cnXrDMwTpWTvJLW1Vreop3PcT6a2YP/i3s91rPaOavw=
github.com/gogpu/naga v0.14.5 h1:eT3yJjXGShNtL//+W7ir2KB40k77OWvLah62ww2HZ4c=
github.com/gogpu/naga v0.14.5/go.mod h1:15sQaHKkbqXcwTN+hHYGLsA0WBBnkmYzne/eF5p5WEg=
github.com/gogpu/ui v0.0.0-20260305115525-ee09a8641726 h1:WU4WCYpAlnIng01HLTMZiCKzVvmTmLotfhAhW90bAdM=
github.com/gogpu/ui v0.0.0-20260305115525-ee09a8641726/go.mod h1:mSmMJpeZ3pOntIyCm0qufkyeYQayUNmgNnpludCTH5A=
github.com/gogpu/wgpu v0.19.6 h1:aSjMUb3tcSkIuljdTDl+06oE4cXbFBHYhEyzyT9ImVo=
github.com/gogpu/wgpu v0.19.6/go.mod h1:XFwTzUxOLpAP7vqtRpFIQhHS2/ziKrdvaNDYXHW1whc=
golang.org/x/image v0.36.0 h1:Iknbfm1afbgtwPTmHnS2gTM/6PPZfH+z2EFuOkSbqwc=
golang.org/x/image v0.36.0/go.mod h1:YsWD2TyyGKiIX1kZlu9QfKIsQ4nAAK9bdgdrIsE7xy4=
golang.org/x/sys v0.41.0 h1:Ivj+2Cp/ylzLiEU89QhWblYnOE9zerudt9Ftecq2C6k=
golang.org/x/sys v0.41.0/go.mod h1:OgkHotnGiDImocRcuBABYBEXf8A9a87e/uXjp9XT3ks=
golang.org/x/text v0.34.0 h1:oL/Qq0Kdaqxa1KbNeMKwQq0reLCCaFtqu2eNuSeNHbk=
golang.org/x/text v0.34.0/go.mod h1:homfLqTYRFyVYemLBFl5GgL/DWEiH5wcsQ5gSh1yziA=
