github.com/coregx/signals v0.1.0 h1:ek6icAtUwjZKUO8K4OaYQn7Wftl+v03DHe1iePzkOsI=
github.com/coregx/signals v0.1.0/go.mod h1:ZTFOeupJF6b73QmxLcDqbB0V2f0TWnCyVkQlA+gMIm4=
github.com/go-text/typesetting v0.3.3 h1:ihGNJU9KzdK2QRDy1Bm7FT5RFQoYb+3n3EIhI/4eaQc=
github.com/go-text/typesetting v0.3.3/go.mod h1:vIRUT25mLQaSh4C8H/lIsKppQz/Gdb8Pu/tNwpi52ts=
github.com/go-text/typesetting v0.3.4 h1:YYurUOtEb9kGSOz4uE3k4OpBGsp1dDL8+fjCeaFamAU=
github.com/go-text/typesetting v0.3.4/go.mod h1:4qZCQphq4KSgGTAeI0uMEkVbROgfah8BuyF5LRYr7XY=
github.com/go-text/typesetting-utils v0.0.0-20250618110550-c820a94c77b8 h1:4KCscI9qYWMGTuz6BpJtbUSRzcBrUSSE0ENMJbNSrFs=
github.com/go-text/typesetting-utils v0.0.0-20250618110550-c820a94c77b8/go.mod h1:3/62I4La/HBRX9TcTpBj4eipLiwzf+vhI+7whTc9V7o=
github.com/go-webgpu/goffi v0.4.0 h1:KX/p9hd2n5uqTfDrsiQOU9dOPIsVl/RViY2foFq4r34=
github.com/go-webgpu/goffi v0.4.0/go.mod h1:wfoxNsJkU+5RFbV1kNN1kunhc1lFHuJKK3zpgx08/uM=
github.com/go-webgpu/goffi v0.4.1 h1:2hQH5XXloxTyTtIleYv+Rajlwzp6UOETURhSZ5+zJxU=
github.com/go-webgpu/goffi v0.4.1/go.mod h1:wfoxNsJkU+5RFbV1kNN1kunhc1lFHuJKK3zpgx08/uM=
github.com/go-webgpu/goffi v0.4.2 h1:cwSiwro2ndP7jfXYlsz3kbOk8mNaFsHGZ0Q0cszC9cU=
github.com/go-webgpu/goffi v0.4.2/go.mod h1:wfoxNsJkU+5RFbV1kNN1kunhc1lFHuJKK3zpgx08/uM=
github.com/go-webgpu/webgpu v0.4.0 h1:ydg61863nHMCvwP/FuAVlf5fwYJIKGhkIprmJJN8aGw=
github.com/go-webgpu/webgpu v0.4.0/go.mod h1:eyFh3WTUYDDu2Xv+4F9k+wP6nNoe4rMe28sfIJ20OG4=
github.com/go-webgpu/webgpu v0.4.1 h1:PT9Wb2947qQY1oR5itKWXgieCG/265tUg/762WR6mrU=
github.com/go-webgpu/webgpu v0.4.1/go.mod h1:wFLIOZByL/XYk1zs6rKUK8WgyMPRf4EIwlcwYb1/BNo=
github.com/go-webgpu/webgpu v0.4.2 h1:phQCeD5zY8jTgNjkrs090JYUMpqNPO7a9DMXvnHcQ2A=
github.com/go-webgpu/webgpu v0.4.2/go.mod h1:+gz9PjcckFCZ/Gv1vJXXEDrf7fqo7VHH6uV0nJrSuRk=
github.com/gogpu/gg v0.32.1 h1:FHvu9AGuQ079MbqboIrqKTRGL9w5Uge/9/lqjRuLFdc=
github.com/gogpu/gg v0.32.1/go.mod h1:2VIFORCUsBjyxR2G3qJMuvMawyOCH17iwoZjytUEtIM=
github.com/gogpu/gg v0.32.5 h1:VhoLaWKcPvgNfJ8leK3Kcd2jnIC28Iz9q6Ea0aktIyg=
github.com/gogpu/gg v0.32.5/go.mod h1:E8FF6DdNMtrorVSfeM64vi71Ywf2FiiGh/oMpRhOt3s=
github.com/gogpu/gg v0.33.0 h1:MIFWlwe7Enu1SnY2kch6r9ZwAEVKmRi46HVU3ExuWtQ=
github.com/gogpu/gg v0.33.0/go.mod h1:E8FF6DdNMtrorVSfeM64vi71Ywf2FiiGh/oMpRhOt3s=
github.com/gogpu/gogpu v0.22.1 h1:6eT6NtOFft17MYWe8uGEvBD+XXbKwcaLlKwXGbPvT2Y=
github.com/gogpu/gogpu v0.22.1/go.mod h1:lEcQcAHDrgSGot9ou2E/DGU349s++hnlesCBo9hOX/g=
github.com/gogpu/gogpu v0.22.4 h1:wDKEIed347abq+jBbUoz8djxzJ/61R2YuKACDGezSUA=
github.com/gogpu/gogpu v0.22.4/go.mod h1:0RjPd24FN9M8Fi5XebVP/sViNk/sZVeEKNe/Dx8eRq0=
github.com/gogpu/gogpu v0.22.5 h1:g7mxF6GGUOuwuV3IqWYcm+uhg249sO0s3UIHLjNwSjU=
github.com/gogpu/gogpu v0.22.5/go.mod h1:UMdb9xVnPQ9ftCg5iFK0G9HnnL6CxVrcCc68NtSwB4g=
github.com/gogpu/gpucontext v0.9.0 h1:RCM3oXtxR/i7YZrbH68zBjieE4j0TF731MrPnnD2Los=
github.com/gogpu/gpucontext v0.9.0/go.mod h1:d+6V6OVk81cFRpsJcl+9Qnd8qCDLTQGelMVMEzjPTUg=
github.com/gogpu/gputypes v0.2.0 h1:Quv3ekiU12zK4ZhBZsSZmalHYc+zj2gr9ZWRyzKgkKk=
github.com/gogpu/gputypes v0.2.0/go.mod h1:cnXrDMwTpWTvJLW1Vreop3PcT6a2YP/i3s91rPaOavw=
github.com/gogpu/naga v0.14.3 h1:N/o/2vT+EG/1m7TZEAXjANPbIQaqP3rDAZxARZ9bJTw=
github.com/gogpu/naga v0.14.3/go.mod h1:15sQaHKkbqXcwTN+hHYGLsA0WBBnkmYzne/eF5p5WEg=
github.com/gogpu/naga v0.14.4 h1:NarUKITSWImBzNVai2NPkyJxmHliu1/tYVvUdfXTGrw=
github.com/gogpu/naga v0.14.4/go.mod h1:15sQaHKkbqXcwTN+hHYGLsA0WBBnkmYzne/eF5p5WEg=
github.com/gogpu/naga v0.14.5 h1:eT3yJjXGShNtL//+W7ir2KB40k77OWvLah62ww2HZ4c=
github.com/gogpu/naga v0.14.5/go.mod h1:15sQaHKkbqXcwTN+hHYGLsA0WBBnkmYzne/eF5p5WEg=
github.com/gogpu/ui v0.0.0-20260228013144-499619930db9 h1:tR05pAzQQ6XIBObB5rCaMWCKXDnVxRIH6niZPhIz8Oc=
github.com/gogpu/ui v0.0.0-20260228013144-499619930db9/go.mod h1:UQoGirecTDmwZ8mHS5izVDcQJnVIqy8YP8KbQG3rspI=
github.com/gogpu/ui v0.0.0-20260302064100-4910b59af024 h1:XpmBjqHhiRTo2S2b492i7sKcis3dBzmBcER8wb4H8l0=
github.com/gogpu/ui v0.0.0-20260302064100-4910b59af024/go.mod h1:ZmKn4uwQzvj1uCBn9qXMiKFtMZ8jslZe9iq6Tc4FXm4=
github.com/gogpu/wgpu v0.19.2 h1:M0hGgvzz4aHgl0hYexs0MMy+h9PZkHUt6Z4pDeLw1W4=
github.com/gogpu/wgpu v0.19.2/go.mod h1:pcPQkEBJtQO5/Lg/0LUrQM8PQkhNbm9GpqfVCx4dNL4=
github.com/gogpu/wgpu v0.19.4 h1:D151enmyjZeOZ07Eq7ID0IPai/zZodhWnjqYq1bEAeY=
github.com/gogpu/wgpu v0.19.4/go.mod h1:uQLpMDbLWPuS2H1vzcwxgiAFXlmscyvUL3T5tChbOJI=
github.com/gogpu/wgpu v0.19.5 h1:KLUo6Zl8WTW9eNb0dH/1AbAafIRtB99ShRnvRPIx5dU=
github.com/gogpu/wgpu v0.19.5/go.mod h1:XFwTzUxOLpAP7vqtRpFIQhHS2/ziKrdvaNDYXHW1whc=
golang.org/x/image v0.36.0 h1:Iknbfm1afbgtwPTmHnS2gTM/6PPZfH+z2EFuOkSbqwc=
golang.org/x/image v0.36.0/go.mod h1:YsWD2TyyGKiIX1kZlu9QfKIsQ4nAAK9bdgdrIsE7xy4=
golang.org/x/sys v0.41.0 h1:Ivj+2Cp/ylzLiEU89QhWblYnOE9zerudt9Ftecq2C6k=
golang.org/x/sys v0.41.0/go.mod h1:OgkHotnGiDImocRcuBABYBEXf8A9a87e/uXjp9XT3ks=
golang.org/x/text v0.34.0 h1:oL/Qq0Kdaqxa1KbNeMKwQq0reLCCaFtqu2eNuSeNHbk=
golang.org/x/text v0.34.0/go.mod h1:homfLqTYRFyVYemLBFl5GgL/DWEiH5wcsQ5gSh1yziA=
